
Microsoft Visual Studio Solution File, Format Version 12.00
# Visual Studio Version 16
VisualStudioVersion = 16.0.29905.134
MinimumVisualStudioVersion = 10.0.40219.1
Project("{FAE04EC0-301F-11D3-BF4B-00C04F79EFBC}") = "WindowsFormsApp1", "WindowsFormsApp1\WindowsFormsApp1.csproj", "{AB0E291B-D03F-4565-B651-AE789FE795E4}"
EndProject
Project("{FAE04EC0-301F-11D3-BF4B-00C04F79EFBC}") = "HttpServerLib", "HTTPServerLib\HttpServerLib.csproj", "{C2310E13-8D59-4632-BF91-203BFF2FFE4F}"
EndProject
Global
	GlobalSection(SolutionConfigurationPlatforms) = preSolution
		Debug|Any CPU = Debug|Any CPU
		Release|Any CPU = Release|Any CPU
	EndGlobalSection
	GlobalSection(ProjectConfigurationPlatforms) = postSolution
		{AB0E291B-D03F-4565-B651-AE789FE795E4}.Debug|Any CPU.ActiveCfg = Debug|Any CPU
		{AB0E291B-D03F-4565-B651-AE789FE795E4}.Debug|Any CPU.Build.0 = Debug|Any CPU
		{AB0E291B-D03F-4565-B651-AE789FE795E4}.Release|Any CPU.ActiveCfg = Release|Any CPU
		{AB0E291B-D03F-4565-B651-AE789FE795E4}.Release|Any CPU.Build.0 = Release|Any CPU
		{C2310E13-8D59-4632-BF91-203BFF2FFE4F}.Debug|Any CPU.ActiveCfg = Debug|Any CPU
		{C2310E13-8D59-4632-BF91-203BFF2FFE4F}.Debug|Any CPU.Build.0 = Debug|Any CPU
		{C2310E13-8D59-4632-BF91-203BFF2FFE4F}.Release|Any CPU.ActiveCfg = Release|Any CPU
		{C2310E13-8D59-4632-BF91-203BFF2FFE4F}.Release|Any CPU.Build.0 = Release|Any CPU
	EndGlobalSection
	GlobalSection(SolutionProperties) = preSolution
		HideSolutionNode = FALSE
	EndGlobalSection
	GlobalSection(ExtensibilityGlobals) = postSolution
		SolutionGuid = {E5865228-7644-4507-A716-AD50E1DD8C9B}
	EndGlobalSection
EndGlobal
